
Microsoft Visual Studio Solution File, Format Version 10.00
# Visual Studio 2008
Project("{8BC9CEB8-8B4A-11D0-8D11-00A0C91BC942}") = "xm_sdk", "xm_sdk\xm_sdk.vcproj", "{87A9A54C-CAD2-4D26-8760-2068D85C67D5}"
EndProject
Global
	GlobalSection(SolutionConfigurationPlatforms) = preSolution
		Debug|Win32 = Debug|Win32
		Release|Win32 = Release|Win32
	EndGlobalSection
	GlobalSection(ProjectConfigurationPlatforms) = postSolution
		{87A9A54C-CAD2-4D26-8760-2068D85C67D5}.Debug|Win32.ActiveCfg = Debug|Win32
		{87A9A54C-CAD2-4D26-8760-2068D85C67D5}.Debug|Win32.Build.0 = Debug|Win32
		{87A9A54C-CAD2-4D26-8760-2068D85C67D5}.Release|Win32.ActiveCfg = Release|Win32
		{87A9A54C-CAD2-4D26-8760-2068D85C67D5}.Release|Win32.Build.0 = Release|Win32
	EndGlobalSection
	GlobalSection(SolutionProperties) = preSolution
		HideSolutionNode = FALSE
	EndGlobalSection
EndGlobal
